
Microsoft Visual Studio Solution File, Format Version 12.00
# Visual Studio Version 16
VisualStudioVersion = 16.0.31321.278
MinimumVisualStudioVersion = 10.0.40219.1
Project("{FAE04EC0-301F-11D3-BF4B-00C04F79EFBC}") = "DemoAutoSevice", "DemoAutoSevice\DemoAutoSevice.csproj", "{8077DD65-90AE-4CB6-935F-FE7A53B3D307}"
EndProject
Global
	GlobalSection(SolutionConfigurationPlatforms) = preSolution
		Debug|Any CPU = Debug|Any CPU
		Release|Any CPU = Release|Any CPU
	EndGlobalSection
	GlobalSection(ProjectConfigurationPlatforms) = postSolution
		{8077DD65-90AE-4CB6-935F-FE7A53B3D307}.Debug|Any CPU.ActiveCfg = Debug|Any CPU
		{8077DD65-90AE-4CB6-935F-FE7A53B3D307}.Debug|Any CPU.Build.0 = Debug|Any CPU
		{8077DD65-90AE-4CB6-935F-FE7A53B3D307}.Release|Any CPU.ActiveCfg = Release|Any CPU
		{8077DD65-90AE-4CB6-935F-FE7A53B3D307}.Release|Any CPU.Build.0 = Release|Any CPU
	EndGlobalSection
	GlobalSection(SolutionProperties) = preSolution
		HideSolutionNode = FALSE
	EndGlobalSection
	GlobalSection(ExtensibilityGlobals) = postSolution
		SolutionGuid = {78E3C738-5576-486B-A70B-AFDD69B7541D}
	EndGlobalSection
EndGlobal
